
Microsoft Visual Studio Solution File, Format Version 12.00
# Visual Studio 14
VisualStudioVersion = 14.0.23107.0
MinimumVisualStudioVersion = 10.0.40219.1
Project("{2150E333-8FDC-42A3-9474-1A3956D46DE8}") = "Modules", "Modules", "{3490A12B-FCE6-4B13-95C3-D5FA3D6E22BA}"
EndProject
Project("{2150E333-8FDC-42A3-9474-1A3956D46DE8}") = "Core", "Core", "{038EC1B0-D3A3-4FC0-91F0-41988AE1942D}"
EndProject
Project("{2150E333-8FDC-42A3-9474-1A3956D46DE8}") = "Host", "Host", "{388706D2-44DD-43EA-947A-1D50D00EF3BA}"
EndProject
Project("{FAE04EC0-301F-11D3-BF4B-00C04F79EFBC}") = "SharpSword", "SharpSword\SharpSword.csproj", "{43E01449-2168-43C9-ACCD-E2FA7234C14C}"
EndProject
Project("{FAE04EC0-301F-11D3-BF4B-00C04F79EFBC}") = "2.1.SharpSword.AccessRecorder.DB", "SharpSword.AccessRecorder.DB\2.1.SharpSword.AccessRecorder.DB.csproj", "{8C62C5B5-95E3-4155-B38F-3604A2E38958}"
EndProject
Project("{FAE04EC0-301F-11D3-BF4B-00C04F79EFBC}") = "2.1.SharpSword.AccessRecorder.Text", "SharpSword.AccessRecorder.Text\2.1.SharpSword.AccessRecorder.Text.csproj", "{B2FB0AC8-DC08-4C2C-A2A5-DE768B33618E}"
EndProject
Project("{FAE04EC0-301F-11D3-BF4B-00C04F79EFBC}") = "1.3.SharpSword.Tools", "SharpSword.Tools\1.3.SharpSword.Tools.csproj", "{6FE13611-8573-4955-96A1-E930B551334E}"
EndProject
Project("{FAE04EC0-301F-11D3-BF4B-00C04F79EFBC}") = "3.2.SharpSword.Caching.Memcached", "SharpSword.Caching.Memcached\3.2.SharpSword.Caching.Memcached.csproj", "{2FD2AA70-5BDE-4D76-A7B1-409468D10BEE}"
EndProject
Project("{FAE04EC0-301F-11D3-BF4B-00C04F79EFBC}") = "3.2.SharpSword.Caching.NullCacheManager", "SharpSword.Caching.NullCacheManager\3.2.SharpSword.Caching.NullCacheManager.csproj", "{A097FFC6-21FB-4E32-8AE2-C6F5D34B98F3}"
EndProject
Project("{FAE04EC0-301F-11D3-BF4B-00C04F79EFBC}") = "3.2.SharpSword.Caching.Redis.StackExchange", "SharpSword.Caching.Redis.StackExchange\3.2.SharpSword.Caching.Redis.StackExchange.csproj", "{91FB93EF-F13C-4FC0-8A58-C49CF8DE138E}"
EndProject
Project("{FAE04EC0-301F-11D3-BF4B-00C04F79EFBC}") = "1.0.SharpSword.DtoGenerator", "SharpSword.DtoGenerator\1.0.SharpSword.DtoGenerator.csproj", "{FA1A6D69-9106-4DD4-82BB-4814BE301640}"
EndProject
Project("{FAE04EC0-301F-11D3-BF4B-00C04F79EFBC}") = "5.0.SharpSword.DynamicApi", "SharpSword.DynamicApi\5.0.SharpSword.DynamicApi.csproj", "{ECFDD93A-69A1-4768-AFAB-F29E868814B8}"
EndProject
Project("{FAE04EC0-301F-11D3-BF4B-00C04F79EFBC}") = "0.2.SharpSword.EntityFramework", "SharpSword.EntityFramework\0.2.SharpSword.EntityFramework.csproj", "{7349070B-4347-4DD7-B491-0DA766CEC027}"
EndProject
Project("{FAE04EC0-301F-11D3-BF4B-00C04F79EFBC}") = "0.3.SharpSword.FluentValidation", "SharpSword.FluentValidation\0.3.SharpSword.FluentValidation.csproj", "{1AE9FA27-5537-4905-A169-2CEF7E28ABC7}"
EndProject
Project("{FAE04EC0-301F-11D3-BF4B-00C04F79EFBC}") = "2.3.SharpSword.Logging.Log4Net", "SharpSword.Logging.Log4Net\2.3.SharpSword.Logging.Log4Net.csproj", "{24937E0E-B8CC-466C-97BD-5D4D04201CFB}"
EndProject
Project("{FAE04EC0-301F-11D3-BF4B-00C04F79EFBC}") = "0.2.SharpSword.MySql", "SharpSword.MySql\0.2.SharpSword.MySql.csproj", "{FEC1FB42-D59D-4774-A965-415D1F8456E2}"
EndProject
Project("{FAE04EC0-301F-11D3-BF4B-00C04F79EFBC}") = "0.2.SharpSword.Oracle", "SharpSword.Oracle\0.2.SharpSword.Oracle.csproj", "{3D3AB674-C7C3-47F9-801E-0E39AE7924E4}"
EndProject
Project("{FAE04EC0-301F-11D3-BF4B-00C04F79EFBC}") = "0.2.SharpSword.PostgreSQL", "SharpSword.PostgreSQL\0.2.SharpSword.PostgreSQL.csproj", "{DA596527-0C07-4674-A350-D17D79A9A5BC}"
EndProject
Project("{FAE04EC0-301F-11D3-BF4B-00C04F79EFBC}") = "0.4.SharpSword.RazorEngine", "SharpSword.RazorEngine\0.4.SharpSword.RazorEngine.csproj", "{F12A94C0-37F3-4868-9D13-546678F5D314}"
EndProject
Project("{FAE04EC0-301F-11D3-BF4B-00C04F79EFBC}") = "9.0.SharpSword.WebAPI.SDK.CSharp", "SharpSword.SDK\9.0.SharpSword.WebAPI.SDK.CSharp.csproj", "{A1B55A91-2CB7-4D1B-8D8F-E206A075B165}"
EndProject
Project("{FAE04EC0-301F-11D3-BF4B-00C04F79EFBC}") = "1.2.SharpSword.SdkBuilder.Android", "SharpSword.SdkBuilder.Android\1.2.SharpSword.SdkBuilder.Android.csproj", "{5823A559-447F-4793-B8BE-D6591D5DA361}"
EndProject
Project("{FAE04EC0-301F-11D3-BF4B-00C04F79EFBC}") = "1.1.SharpSword.SdkBuilder.CSharp", "SharpSword.SdkBuilder.CSharp\1.1.SharpSword.SdkBuilder.CSharp.csproj", "{D6F1FBC3-0407-4633-AED5-D400EDEBD621}"
EndProject
Project("{FAE04EC0-301F-11D3-BF4B-00C04F79EFBC}") = "1.4.SharpSword.TaskManagement", "SharpSword.TaskManagement\1.4.SharpSword.TaskManagement.csproj", "{C8D94353-346C-4628-86E7-2C71820A8CC5}"
EndProject
Project("{FAE04EC0-301F-11D3-BF4B-00C04F79EFBC}") = "4.0.SharpSword.Authentication", "SharpSword.Authentication\4.0.SharpSword.Authentication.csproj", "{678CC0A3-DB5E-4A39-BD23-B95D108491DC}"
EndProject
Project("{FAE04EC0-301F-11D3-BF4B-00C04F79EFBC}") = "4.1.SharpSword.Security", "SharpSword.Security\4.1.SharpSword.Security.csproj", "{532D125E-CB83-4E7D-9036-D543A0C7B03F}"
EndProject
Project("{FAE04EC0-301F-11D3-BF4B-00C04F79EFBC}") = "1.5.SharpSword.CommandExecutor", "SharpSword.CommandExecutor\1.5.SharpSword.CommandExecutor.csproj", "{D9D2C4EF-6952-475E-BC4B-D540D5FDE660}"
EndProject
Project("{FAE04EC0-301F-11D3-BF4B-00C04F79EFBC}") = "SharpSword.Host", "SharpSword.Host\SharpSword.Host.csproj", "{2F53AF6F-2949-4BA4-A028-44B87939DD07}"
EndProject
Project("{FAE04EC0-301F-11D3-BF4B-00C04F79EFBC}") = "3.2.SharpSword.Caching.Redis.StackExchange0", "SharpSword.Caching.Redis.StackExchange0\3.2.SharpSword.Caching.Redis.StackExchange0.csproj", "{B05487E2-9910-4757-BD67-564145E43297}"
EndProject
Project("{FAE04EC0-301F-11D3-BF4B-00C04F79EFBC}") = "3.1.SharpSword.Auditing.SqlServer", "SharpSword.Auditing.DB\3.1.SharpSword.Auditing.SqlServer.csproj", "{FD6ACA18-7DEF-45BC-AA1B-60DE0F51FEDC}"
EndProject
Project("{FAE04EC0-301F-11D3-BF4B-00C04F79EFBC}") = "5.0.SharpSword.SignalR", "SharpSword.SignalR\5.0.SharpSword.SignalR.csproj", "{773663D8-988C-4019-A9E9-E11BF6D26C87}"
EndProject
Project("{FAE04EC0-301F-11D3-BF4B-00C04F79EFBC}") = "SharpSword.ApiMonitor", "Tests\SignalRClient\SharpSword.ApiMonitor.csproj", "{81F263AA-CC20-4FB2-BE70-A6093D1961B8}"
EndProject
Project("{FAE04EC0-301F-11D3-BF4B-00C04F79EFBC}") = "0.5.SharpSword.Mail.Smtp", "SharpSword.Mail.Smtp\0.5.SharpSword.Mail.Smtp.csproj", "{A6EFEB7B-CCE6-4BEA-A373-D63D01FD93BF}"
EndProject
Project("{FAE04EC0-301F-11D3-BF4B-00C04F79EFBC}") = "0.6.SharpSword.Configuration.SqlServer", "SharpSword.Configuration.SqlServer\0.6.SharpSword.Configuration.SqlServer.csproj", "{E4E1D803-5F5E-4449-8D27-27F3ABD44FD6}"
EndProject
Project("{FAE04EC0-301F-11D3-BF4B-00C04F79EFBC}") = "0.7.SharpSword.OAuth", "SharpSword.OAuth\0.7.SharpSword.OAuth.csproj", "{8DF6C925-D7F9-456F-9318-C95E6C598A27}"
EndProject
Project("{FAE04EC0-301F-11D3-BF4B-00C04F79EFBC}") = "0.8.SharpSword.Pay", "SharpSword.Pay\0.8.SharpSword.Pay.csproj", "{D5711226-1A65-453C-9E60-B686C452F0D9}"
EndProject
Project("{FAE04EC0-301F-11D3-BF4B-00C04F79EFBC}") = "0.9.SharpSword.Excel", "SharpSword.Excel\0.9.SharpSword.Excel.csproj", "{C35A4ED2-1BBD-4F0E-9B37-E7057D059EB7}"
EndProject
Project("{FAE04EC0-301F-11D3-BF4B-00C04F79EFBC}") = "0.9.SharpSword.Pdf", "SharpSword.Pdf\0.9.SharpSword.Pdf.csproj", "{85AE8608-E6B4-422B-BFF0-3266FEA81B10}"
EndProject
Project("{FAE04EC0-301F-11D3-BF4B-00C04F79EFBC}") = "0.9.SharpSword.BarCode", "SharpSword.BarCode\0.9.SharpSword.BarCode.csproj", "{62217B56-A505-413D-A788-F8B07DC0400D}"
EndProject
Project("{FAE04EC0-301F-11D3-BF4B-00C04F79EFBC}") = "0.9.SharpSword.Html", "SharpSword.Html\0.9.SharpSword.Html.csproj", "{EDA23A0F-9B5E-4582-829E-0C41DD0134A0}"
EndProject
Project("{FAE04EC0-301F-11D3-BF4B-00C04F79EFBC}") = "0.9.SharpSword.Thumbnail", "SharpSword.Thumbnail\0.9.SharpSword.Thumbnail.csproj", "{DEAFE8B1-B8B7-4061-B7F5-4F5B9647D846}"
EndProject
Project("{FAE04EC0-301F-11D3-BF4B-00C04F79EFBC}") = "0.5.SharpSword.SMS.Detault", "SharpSword.SMS.Detault\0.5.SharpSword.SMS.Detault.csproj", "{144D706C-D9E2-4828-BEE1-042D903D3BE5}"
EndProject
Project("{FAE04EC0-301F-11D3-BF4B-00C04F79EFBC}") = "3.1.SharpSword.Auditing.MongoDB", "SharpSword.Auditing.MongoDB\3.1.SharpSword.Auditing.MongoDB.csproj", "{168B8BB6-36E1-4194-8F1F-678055965BA2}"
EndProject
Project("{FAE04EC0-301F-11D3-BF4B-00C04F79EFBC}") = "2.1.SharpSword.AccessRecorder.MongoDB", "SharpSword.AccessRecorder.MongoDB\2.1.SharpSword.AccessRecorder.MongoDB.csproj", "{09A5D92D-603D-4AB0-89BC-3F4B03E36C6D}"
EndProject
Project("{2150E333-8FDC-42A3-9474-1A3956D46DE8}") = "Tests", "Tests", "{A7E90606-CF15-469C-8CBC-741D7EB4C602}"
EndProject
Project("{FAE04EC0-301F-11D3-BF4B-00C04F79EFBC}") = "0.2.SharpSword.EntityFramework.Tests", "Tests\0.2.SharpSword.EntityFrameworkTests\0.2.SharpSword.EntityFramework.Tests.csproj", "{F8FE762A-D743-4D3E-A683-D9FE1A29E6C2}"
EndProject
Project("{FAE04EC0-301F-11D3-BF4B-00C04F79EFBC}") = "2.1.SharpSword.AccessRecorder.ApiMonitor", "SharpSword.AccessRecorder.ApiMonitor\2.1.SharpSword.AccessRecorder.ApiMonitor.csproj", "{8CFA1CBD-F3D3-46A3-8236-105B1E2760EE}"
EndProject
Project("{FAE04EC0-301F-11D3-BF4B-00C04F79EFBC}") = "2.1.SharpSword.AccessRecorder.Dispatcher", "SharpSword.AccessRecorder.Dispatcher\2.1.SharpSword.AccessRecorder.Dispatcher.csproj", "{3BD7B002-4D70-4FC7-9109-DDC05067FD1E}"
EndProject
Project("{FAE04EC0-301F-11D3-BF4B-00C04F79EFBC}") = "0.9.SharpSword.ValidateCoderGenerator", "SharpSword.ValidateCoder\0.9.SharpSword.ValidateCoderGenerator.csproj", "{74357DCD-29E3-427D-AAAC-BEC3F32CBCC0}"
EndProject
Project("{FAE04EC0-301F-11D3-BF4B-00C04F79EFBC}") = "ConsoleApplication1", "Tests\ConsoleApplication1\ConsoleApplication1.csproj", "{F4760C8F-F8C9-4648-80B3-C6F33C94BA08}"
EndProject
Project("{FAE04EC0-301F-11D3-BF4B-00C04F79EFBC}") = "0.5.SharpSword.MQ.MSMQ", "SharpSword.MQ.MSMQ\0.5.SharpSword.MQ.MSMQ.csproj", "{18CF7D22-00C0-474E-9D49-5CBE5A206D26}"
EndProject
Project("{FAE04EC0-301F-11D3-BF4B-00C04F79EFBC}") = "0.5.SharpSword.MQ.RabbitMQ", "SharpSword.MQ.RabbitMQ\0.5.SharpSword.MQ.RabbitMQ.csproj", "{A083DBB4-512B-4ED5-BC0B-D8813B8FE824}"
EndProject
Project("{FAE04EC0-301F-11D3-BF4B-00C04F79EFBC}") = "0.5.SharpSword.MQ.ActiveMQ", "SharpSword.MQ.ActiveMQ\0.5.SharpSword.MQ.ActiveMQ.csproj", "{C5BDFB01-BCD6-481B-BADD-E8FFD1D8CA27}"
EndProject
Project("{FAE04EC0-301F-11D3-BF4B-00C04F79EFBC}") = "6.0.SharpSword.DistributedLock.Redis", "SharpSword.DistributedLock.Redis\6.0.SharpSword.DistributedLock.Redis.csproj", "{BA1C3876-C3A0-46C9-83B7-00FFDD79299F}"
EndProject
Project("{FAE04EC0-301F-11D3-BF4B-00C04F79EFBC}") = "SharpSword.O2O.Host", "SharpSword.Host.O2O\SharpSword.O2O.Host.csproj", "{2025A7BB-DE9A-409C-9A5F-59C6560A01E1}"
EndProject
Project("{FAE04EC0-301F-11D3-BF4B-00C04F79EFBC}") = "ConsoleApplication2", "Tests\ConsoleApplication2\ConsoleApplication2.csproj", "{A7BF35A1-04EB-4E09-BB68-A2186FE35A5B}"
EndProject
Project("{FAE04EC0-301F-11D3-BF4B-00C04F79EFBC}") = "SharpSword.O2O.OrderProgressService", "Tests\ConsoleApplication3\SharpSword.O2O.OrderProgressService.csproj", "{C32C59A7-EFD2-4C19-898C-5E1C9640A42B}"
EndProject
Project("{FAE04EC0-301F-11D3-BF4B-00C04F79EFBC}") = "Frxs.O2O.Order.SDK", "SharpSword.Host.O2O\App_Data\sdksource\Frxs.O2O.Order.SDK\Frxs.O2O.Order.SDK.csproj", "{851717B6-7F86-40A0-AC8A-C556DF9B2311}"
EndProject
Project("{FAE04EC0-301F-11D3-BF4B-00C04F79EFBC}") = "SharpSword.O2O.Services", "SharpSword.O2O.Services\SharpSword.O2O.Services.csproj", "{9677F0C7-0667-4466-B8BF-6CB1521C68C5}"
EndProject
Project("{2150E333-8FDC-42A3-9474-1A3956D46DE8}") = "O2O", "O2O", "{BE037114-ADD6-4C5F-8B32-38C242B0EAFB}"
EndProject
Project("{FAE04EC0-301F-11D3-BF4B-00C04F79EFBC}") = "SharpSword.O2O.OrderSyncService", "SharpSword.O2O.OrderSync\SharpSword.O2O.OrderSyncService.csproj", "{4EDA08F8-AA7A-464E-8C28-D324A0D5C2AF}"
EndProject
Project("{FAE04EC0-301F-11D3-BF4B-00C04F79EFBC}") = "SharpSword.O2O.OrderExpiredService", "SharpSword.O2O.OrderExpired\SharpSword.O2O.OrderExpiredService.csproj", "{9CE6BF5A-A01B-4ECC-9B71-342AAB9111DF}"
EndProject
Project("{FAE04EC0-301F-11D3-BF4B-00C04F79EFBC}") = "SharpSword.O2O.OrderFinishedService", "SharpSword.O2O.OrderFinished\SharpSword.O2O.OrderFinishedService.csproj", "{B15222B6-2BE2-461A-A99D-57F7C17D4F3A}"
EndProject
Project("{FAE04EC0-301F-11D3-BF4B-00C04F79EFBC}") = "ConsoleApplication5", "Tests\ConsoleApplication5\ConsoleApplication5.csproj", "{9182F873-26E1-4385-A33B-EE16D6D90846}"
EndProject
Global
	GlobalSection(SolutionConfigurationPlatforms) = preSolution
		Debug|Any CPU = Debug|Any CPU
		Release|Any CPU = Release|Any CPU
	EndGlobalSection
	GlobalSection(ProjectConfigurationPlatforms) = postSolution
		{43E01449-2168-43C9-ACCD-E2FA7234C14C}.Debug|Any CPU.ActiveCfg = Debug|Any CPU
		{43E01449-2168-43C9-ACCD-E2FA7234C14C}.Debug|Any CPU.Build.0 = Debug|Any CPU
		{43E01449-2168-43C9-ACCD-E2FA7234C14C}.Release|Any CPU.ActiveCfg = Release|Any CPU
		{43E01449-2168-43C9-ACCD-E2FA7234C14C}.Release|Any CPU.Build.0 = Release|Any CPU
		{8C62C5B5-95E3-4155-B38F-3604A2E38958}.Debug|Any CPU.ActiveCfg = Debug|Any CPU
		{8C62C5B5-95E3-4155-B38F-3604A2E38958}.Debug|Any CPU.Build.0 = Debug|Any CPU
		{8C62C5B5-95E3-4155-B38F-3604A2E38958}.Release|Any CPU.ActiveCfg = Release|Any CPU
		{8C62C5B5-95E3-4155-B38F-3604A2E38958}.Release|Any CPU.Build.0 = Release|Any CPU
		{B2FB0AC8-DC08-4C2C-A2A5-DE768B33618E}.Debug|Any CPU.ActiveCfg = Debug|Any CPU
		{B2FB0AC8-DC08-4C2C-A2A5-DE768B33618E}.Debug|Any CPU.Build.0 = Debug|Any CPU
		{B2FB0AC8-DC08-4C2C-A2A5-DE768B33618E}.Release|Any CPU.ActiveCfg = Release|Any CPU
		{B2FB0AC8-DC08-4C2C-A2A5-DE768B33618E}.Release|Any CPU.Build.0 = Release|Any CPU
		{6FE13611-8573-4955-96A1-E930B551334E}.Debug|Any CPU.ActiveCfg = Debug|Any CPU
		{6FE13611-8573-4955-96A1-E930B551334E}.Debug|Any CPU.Build.0 = Debug|Any CPU
		{6FE13611-8573-4955-96A1-E930B551334E}.Release|Any CPU.ActiveCfg = Release|Any CPU
		{6FE13611-8573-4955-96A1-E930B551334E}.Release|Any CPU.Build.0 = Release|Any CPU
		{2FD2AA70-5BDE-4D76-A7B1-409468D10BEE}.Debug|Any CPU.ActiveCfg = Debug|Any CPU
		{2FD2AA70-5BDE-4D76-A7B1-409468D10BEE}.Debug|Any CPU.Build.0 = Debug|Any CPU
		{2FD2AA70-5BDE-4D76-A7B1-409468D10BEE}.Release|Any CPU.ActiveCfg = Release|Any CPU
		{2FD2AA70-5BDE-4D76-A7B1-409468D10BEE}.Release|Any CPU.Build.0 = Release|Any CPU
		{A097FFC6-21FB-4E32-8AE2-C6F5D34B98F3}.Debug|Any CPU.ActiveCfg = Debug|Any CPU
		{A097FFC6-21FB-4E32-8AE2-C6F5D34B98F3}.Debug|Any CPU.Build.0 = Debug|Any CPU
		{A097FFC6-21FB-4E32-8AE2-C6F5D34B98F3}.Release|Any CPU.ActiveCfg = Release|Any CPU
		{A097FFC6-21FB-4E32-8AE2-C6F5D34B98F3}.Release|Any CPU.Build.0 = Release|Any CPU
		{91FB93EF-F13C-4FC0-8A58-C49CF8DE138E}.Debug|Any CPU.ActiveCfg = Debug|Any CPU
		{91FB93EF-F13C-4FC0-8A58-C49CF8DE138E}.Debug|Any CPU.Build.0 = Debug|Any CPU
		{91FB93EF-F13C-4FC0-8A58-C49CF8DE138E}.Release|Any CPU.ActiveCfg = Release|Any CPU
		{91FB93EF-F13C-4FC0-8A58-C49CF8DE138E}.Release|Any CPU.Build.0 = Release|Any CPU
		{FA1A6D69-9106-4DD4-82BB-4814BE301640}.Debug|Any CPU.ActiveCfg = Debug|Any CPU
		{FA1A6D69-9106-4DD4-82BB-4814BE301640}.Debug|Any CPU.Build.0 = Debug|Any CPU
		{FA1A6D69-9106-4DD4-82BB-4814BE301640}.Release|Any CPU.ActiveCfg = Release|Any CPU
		{FA1A6D69-9106-4DD4-82BB-4814BE301640}.Release|Any CPU.Build.0 = Release|Any CPU
		{ECFDD93A-69A1-4768-AFAB-F29E868814B8}.Debug|Any CPU.ActiveCfg = Debug|Any CPU
		{ECFDD93A-69A1-4768-AFAB-F29E868814B8}.Debug|Any CPU.Build.0 = Debug|Any CPU
		{ECFDD93A-69A1-4768-AFAB-F29E868814B8}.Release|Any CPU.ActiveCfg = Release|Any CPU
		{ECFDD93A-69A1-4768-AFAB-F29E868814B8}.Release|Any CPU.Build.0 = Release|Any CPU
		{7349070B-4347-4DD7-B491-0DA766CEC027}.Debug|Any CPU.ActiveCfg = Debug|Any CPU
		{7349070B-4347-4DD7-B491-0DA766CEC027}.Debug|Any CPU.Build.0 = Debug|Any CPU
		{7349070B-4347-4DD7-B491-0DA766CEC027}.Release|Any CPU.ActiveCfg = Release|Any CPU
		{7349070B-4347-4DD7-B491-0DA766CEC027}.Release|Any CPU.Build.0 = Release|Any CPU
		{1AE9FA27-5537-4905-A169-2CEF7E28ABC7}.Debug|Any CPU.ActiveCfg = Debug|Any CPU
		{1AE9FA27-5537-4905-A169-2CEF7E28ABC7}.Debug|Any CPU.Build.0 = Debug|Any CPU
		{1AE9FA27-5537-4905-A169-2CEF7E28ABC7}.Release|Any CPU.ActiveCfg = Release|Any CPU
		{1AE9FA27-5537-4905-A169-2CEF7E28ABC7}.Release|Any CPU.Build.0 = Release|Any CPU
		{24937E0E-B8CC-466C-97BD-5D4D04201CFB}.Debug|Any CPU.ActiveCfg = Debug|Any CPU
		{24937E0E-B8CC-466C-97BD-5D4D04201CFB}.Debug|Any CPU.Build.0 = Debug|Any CPU
		{24937E0E-B8CC-466C-97BD-5D4D04201CFB}.Release|Any CPU.ActiveCfg = Release|Any CPU
		{24937E0E-B8CC-466C-97BD-5D4D04201CFB}.Release|Any CPU.Build.0 = Release|Any CPU
		{FEC1FB42-D59D-4774-A965-415D1F8456E2}.Debug|Any CPU.ActiveCfg = Debug|Any CPU
		{FEC1FB42-D59D-4774-A965-415D1F8456E2}.Debug|Any CPU.Build.0 = Debug|Any CPU
		{FEC1FB42-D59D-4774-A965-415D1F8456E2}.Release|Any CPU.ActiveCfg = Release|Any CPU
		{FEC1FB42-D59D-4774-A965-415D1F8456E2}.Release|Any CPU.Build.0 = Release|Any CPU
		{3D3AB674-C7C3-47F9-801E-0E39AE7924E4}.Debug|Any CPU.ActiveCfg = Debug|Any CPU
		{3D3AB674-C7C3-47F9-801E-0E39AE7924E4}.Debug|Any CPU.Build.0 = Debug|Any CPU
		{3D3AB674-C7C3-47F9-801E-0E39AE7924E4}.Release|Any CPU.ActiveCfg = Release|Any CPU
		{3D3AB674-C7C3-47F9-801E-0E39AE7924E4}.Release|Any CPU.Build.0 = Release|Any CPU
		{DA596527-0C07-4674-A350-D17D79A9A5BC}.Debug|Any CPU.ActiveCfg = Debug|Any CPU
		{DA596527-0C07-4674-A350-D17D79A9A5BC}.Debug|Any CPU.Build.0 = Debug|Any CPU
		{DA596527-0C07-4674-A350-D17D79A9A5BC}.Release|Any CPU.ActiveCfg = Release|Any CPU
		{DA596527-0C07-4674-A350-D17D79A9A5BC}.Release|Any CPU.Build.0 = Release|Any CPU
		{F12A94C0-37F3-4868-9D13-546678F5D314}.Debug|Any CPU.ActiveCfg = Debug|Any CPU
		{F12A94C0-37F3-4868-9D13-546678F5D314}.Debug|Any CPU.Build.0 = Debug|Any CPU
		{F12A94C0-37F3-4868-9D13-546678F5D314}.Release|Any CPU.ActiveCfg = Release|Any CPU
		{F12A94C0-37F3-4868-9D13-546678F5D314}.Release|Any CPU.Build.0 = Release|Any CPU
		{A1B55A91-2CB7-4D1B-8D8F-E206A075B165}.Debug|Any CPU.ActiveCfg = Debug|Any CPU
		{A1B55A91-2CB7-4D1B-8D8F-E206A075B165}.Debug|Any CPU.Build.0 = Debug|Any CPU
		{A1B55A91-2CB7-4D1B-8D8F-E206A075B165}.Release|Any CPU.ActiveCfg = Release|Any CPU
		{A1B55A91-2CB7-4D1B-8D8F-E206A075B165}.Release|Any CPU.Build.0 = Release|Any CPU
		{5823A559-447F-4793-B8BE-D6591D5DA361}.Debug|Any CPU.ActiveCfg = Debug|Any CPU
		{5823A559-447F-4793-B8BE-D6591D5DA361}.Debug|Any CPU.Build.0 = Debug|Any CPU
		{5823A559-447F-4793-B8BE-D6591D5DA361}.Release|Any CPU.ActiveCfg = Release|Any CPU
		{5823A559-447F-4793-B8BE-D6591D5DA361}.Release|Any CPU.Build.0 = Release|Any CPU
		{D6F1FBC3-0407-4633-AED5-D400EDEBD621}.Debug|Any CPU.ActiveCfg = Debug|Any CPU
		{D6F1FBC3-0407-4633-AED5-D400EDEBD621}.Debug|Any CPU.Build.0 = Debug|Any CPU
		{D6F1FBC3-0407-4633-AED5-D400EDEBD621}.Release|Any CPU.ActiveCfg = Release|Any CPU
		{D6F1FBC3-0407-4633-AED5-D400EDEBD621}.Release|Any CPU.Build.0 = Release|Any CPU
		{C8D94353-346C-4628-86E7-2C71820A8CC5}.Debug|Any CPU.ActiveCfg = Debug|Any CPU
		{C8D94353-346C-4628-86E7-2C71820A8CC5}.Debug|Any CPU.Build.0 = Debug|Any CPU
		{C8D94353-346C-4628-86E7-2C71820A8CC5}.Release|Any CPU.ActiveCfg = Release|Any CPU
		{C8D94353-346C-4628-86E7-2C71820A8CC5}.Release|Any CPU.Build.0 = Release|Any CPU
		{678CC0A3-DB5E-4A39-BD23-B95D108491DC}.Debug|Any CPU.ActiveCfg = Debug|Any CPU
		{678CC0A3-DB5E-4A39-BD23-B95D108491DC}.Debug|Any CPU.Build.0 = Debug|Any CPU
		{678CC0A3-DB5E-4A39-BD23-B95D108491DC}.Release|Any CPU.ActiveCfg = Release|Any CPU
		{678CC0A3-DB5E-4A39-BD23-B95D108491DC}.Release|Any CPU.Build.0 = Release|Any CPU
		{532D125E-CB83-4E7D-9036-D543A0C7B03F}.Debug|Any CPU.ActiveCfg = Debug|Any CPU
		{532D125E-CB83-4E7D-9036-D543A0C7B03F}.Debug|Any CPU.Build.0 = Debug|Any CPU
		{532D125E-CB83-4E7D-9036-D543A0C7B03F}.Release|Any CPU.ActiveCfg = Release|Any CPU
		{532D125E-CB83-4E7D-9036-D543A0C7B03F}.Release|Any CPU.Build.0 = Release|Any CPU
		{D9D2C4EF-6952-475E-BC4B-D540D5FDE660}.Debug|Any CPU.ActiveCfg = Debug|Any CPU
		{D9D2C4EF-6952-475E-BC4B-D540D5FDE660}.Debug|Any CPU.Build.0 = Debug|Any CPU
		{D9D2C4EF-6952-475E-BC4B-D540D5FDE660}.Release|Any CPU.ActiveCfg = Release|Any CPU
		{D9D2C4EF-6952-475E-BC4B-D540D5FDE660}.Release|Any CPU.Build.0 = Release|Any CPU
		{2F53AF6F-2949-4BA4-A028-44B87939DD07}.Debug|Any CPU.ActiveCfg = Debug|Any CPU
		{2F53AF6F-2949-4BA4-A028-44B87939DD07}.Debug|Any CPU.Build.0 = Debug|Any CPU
		{2F53AF6F-2949-4BA4-A028-44B87939DD07}.Release|Any CPU.ActiveCfg = Release|Any CPU
		{2F53AF6F-2949-4BA4-A028-44B87939DD07}.Release|Any CPU.Build.0 = Release|Any CPU
		{B05487E2-9910-4757-BD67-564145E43297}.Debug|Any CPU.ActiveCfg = Debug|Any CPU
		{B05487E2-9910-4757-BD67-564145E43297}.Debug|Any CPU.Build.0 = Debug|Any CPU
		{B05487E2-9910-4757-BD67-564145E43297}.Release|Any CPU.ActiveCfg = Release|Any CPU
		{B05487E2-9910-4757-BD67-564145E43297}.Release|Any CPU.Build.0 = Release|Any CPU
		{FD6ACA18-7DEF-45BC-AA1B-60DE0F51FEDC}.Debug|Any CPU.ActiveCfg = Debug|Any CPU
		{FD6ACA18-7DEF-45BC-AA1B-60DE0F51FEDC}.Debug|Any CPU.Build.0 = Debug|Any CPU
		{FD6ACA18-7DEF-45BC-AA1B-60DE0F51FEDC}.Release|Any CPU.ActiveCfg = Release|Any CPU
		{FD6ACA18-7DEF-45BC-AA1B-60DE0F51FEDC}.Release|Any CPU.Build.0 = Release|Any CPU
		{773663D8-988C-4019-A9E9-E11BF6D26C87}.Debug|Any CPU.ActiveCfg = Debug|Any CPU
		{773663D8-988C-4019-A9E9-E11BF6D26C87}.Debug|Any CPU.Build.0 = Debug|Any CPU
		{773663D8-988C-4019-A9E9-E11BF6D26C87}.Release|Any CPU.ActiveCfg = Release|Any CPU
		{773663D8-988C-4019-A9E9-E11BF6D26C87}.Release|Any CPU.Build.0 = Release|Any CPU
		{81F263AA-CC20-4FB2-BE70-A6093D1961B8}.Debug|Any CPU.ActiveCfg = Debug|Any CPU
		{81F263AA-CC20-4FB2-BE70-A6093D1961B8}.Debug|Any CPU.Build.0 = Debug|Any CPU
		{81F263AA-CC20-4FB2-BE70-A6093D1961B8}.Release|Any CPU.ActiveCfg = Release|Any CPU
		{81F263AA-CC20-4FB2-BE70-A6093D1961B8}.Release|Any CPU.Build.0 = Release|Any CPU
		{A6EFEB7B-CCE6-4BEA-A373-D63D01FD93BF}.Debug|Any CPU.ActiveCfg = Debug|Any CPU
		{A6EFEB7B-CCE6-4BEA-A373-D63D01FD93BF}.Debug|Any CPU.Build.0 = Debug|Any CPU
		{A6EFEB7B-CCE6-4BEA-A373-D63D01FD93BF}.Release|Any CPU.ActiveCfg = Release|Any CPU
		{A6EFEB7B-CCE6-4BEA-A373-D63D01FD93BF}.Release|Any CPU.Build.0 = Release|Any CPU
		{E4E1D803-5F5E-4449-8D27-27F3ABD44FD6}.Debug|Any CPU.ActiveCfg = Debug|Any CPU
		{E4E1D803-5F5E-4449-8D27-27F3ABD44FD6}.Debug|Any CPU.Build.0 = Debug|Any CPU
		{E4E1D803-5F5E-4449-8D27-27F3ABD44FD6}.Release|Any CPU.ActiveCfg = Release|Any CPU
		{E4E1D803-5F5E-4449-8D27-27F3ABD44FD6}.Release|Any CPU.Build.0 = Release|Any CPU
		{8DF6C925-D7F9-456F-9318-C95E6C598A27}.Debug|Any CPU.ActiveCfg = Debug|Any CPU
		{8DF6C925-D7F9-456F-9318-C95E6C598A27}.Debug|Any CPU.Build.0 = Debug|Any CPU
		{8DF6C925-D7F9-456F-9318-C95E6C598A27}.Release|Any CPU.ActiveCfg = Release|Any CPU
		{8DF6C925-D7F9-456F-9318-C95E6C598A27}.Release|Any CPU.Build.0 = Release|Any CPU
		{D5711226-1A65-453C-9E60-B686C452F0D9}.Debug|Any CPU.ActiveCfg = Debug|Any CPU
		{D5711226-1A65-453C-9E60-B686C452F0D9}.Debug|Any CPU.Build.0 = Debug|Any CPU
		{D5711226-1A65-453C-9E60-B686C452F0D9}.Release|Any CPU.ActiveCfg = Release|Any CPU
		{D5711226-1A65-453C-9E60-B686C452F0D9}.Release|Any CPU.Build.0 = Release|Any CPU
		{C35A4ED2-1BBD-4F0E-9B37-E7057D059EB7}.Debug|Any CPU.ActiveCfg = Debug|Any CPU
		{C35A4ED2-1BBD-4F0E-9B37-E7057D059EB7}.Debug|Any CPU.Build.0 = Debug|Any CPU
		{C35A4ED2-1BBD-4F0E-9B37-E7057D059EB7}.Release|Any CPU.ActiveCfg = Release|Any CPU
		{C35A4ED2-1BBD-4F0E-9B37-E7057D059EB7}.Release|Any CPU.Build.0 = Release|Any CPU
		{85AE8608-E6B4-422B-BFF0-3266FEA81B10}.Debug|Any CPU.ActiveCfg = Debug|Any CPU
		{85AE8608-E6B4-422B-BFF0-3266FEA81B10}.Debug|Any CPU.Build.0 = Debug|Any CPU
		{85AE8608-E6B4-422B-BFF0-3266FEA81B10}.Release|Any CPU.ActiveCfg = Release|Any CPU
		{85AE8608-E6B4-422B-BFF0-3266FEA81B10}.Release|Any CPU.Build.0 = Release|Any CPU
		{62217B56-A505-413D-A788-F8B07DC0400D}.Debug|Any CPU.ActiveCfg = Debug|Any CPU
		{62217B56-A505-413D-A788-F8B07DC0400D}.Debug|Any CPU.Build.0 = Debug|Any CPU
		{62217B56-A505-413D-A788-F8B07DC0400D}.Release|Any CPU.ActiveCfg = Release|Any CPU
		{62217B56-A505-413D-A788-F8B07DC0400D}.Release|Any CPU.Build.0 = Release|Any CPU
		{EDA23A0F-9B5E-4582-829E-0C41DD0134A0}.Debug|Any CPU.ActiveCfg = Debug|Any CPU
		{EDA23A0F-9B5E-4582-829E-0C41DD0134A0}.Debug|Any CPU.Build.0 = Debug|Any CPU
		{EDA23A0F-9B5E-4582-829E-0C41DD0134A0}.Release|Any CPU.ActiveCfg = Release|Any CPU
		{EDA23A0F-9B5E-4582-829E-0C41DD0134A0}.Release|Any CPU.Build.0 = Release|Any CPU
		{DEAFE8B1-B8B7-4061-B7F5-4F5B9647D846}.Debug|Any CPU.ActiveCfg = Debug|Any CPU
		{DEAFE8B1-B8B7-4061-B7F5-4F5B9647D846}.Debug|Any CPU.Build.0 = Debug|Any CPU
		{DEAFE8B1-B8B7-4061-B7F5-4F5B9647D846}.Release|Any CPU.ActiveCfg = Release|Any CPU
		{DEAFE8B1-B8B7-4061-B7F5-4F5B9647D846}.Release|Any CPU.Build.0 = Release|Any CPU
		{144D706C-D9E2-4828-BEE1-042D903D3BE5}.Debug|Any CPU.ActiveCfg = Debug|Any CPU
		{144D706C-D9E2-4828-BEE1-042D903D3BE5}.Debug|Any CPU.Build.0 = Debug|Any CPU
		{144D706C-D9E2-4828-BEE1-042D903D3BE5}.Release|Any CPU.ActiveCfg = Release|Any CPU
		{144D706C-D9E2-4828-BEE1-042D903D3BE5}.Release|Any CPU.Build.0 = Release|Any CPU
		{168B8BB6-36E1-4194-8F1F-678055965BA2}.Debug|Any CPU.ActiveCfg = Debug|Any CPU
		{168B8BB6-36E1-4194-8F1F-678055965BA2}.Debug|Any CPU.Build.0 = Debug|Any CPU
		{168B8BB6-36E1-4194-8F1F-678055965BA2}.Release|Any CPU.ActiveCfg = Release|Any CPU
		{168B8BB6-36E1-4194-8F1F-678055965BA2}.Release|Any CPU.Build.0 = Release|Any CPU
		{09A5D92D-603D-4AB0-89BC-3F4B03E36C6D}.Debug|Any CPU.ActiveCfg = Debug|Any CPU
		{09A5D92D-603D-4AB0-89BC-3F4B03E36C6D}.Debug|Any CPU.Build.0 = Debug|Any CPU
		{09A5D92D-603D-4AB0-89BC-3F4B03E36C6D}.Release|Any CPU.ActiveCfg = Release|Any CPU
		{09A5D92D-603D-4AB0-89BC-3F4B03E36C6D}.Release|Any CPU.Build.0 = Release|Any CPU
		{F8FE762A-D743-4D3E-A683-D9FE1A29E6C2}.Debug|Any CPU.ActiveCfg = Debug|Any CPU
		{F8FE762A-D743-4D3E-A683-D9FE1A29E6C2}.Debug|Any CPU.Build.0 = Debug|Any CPU
		{F8FE762A-D743-4D3E-A683-D9FE1A29E6C2}.Release|Any CPU.ActiveCfg = Release|Any CPU
		{F8FE762A-D743-4D3E-A683-D9FE1A29E6C2}.Release|Any CPU.Build.0 = Release|Any CPU
		{8CFA1CBD-F3D3-46A3-8236-105B1E2760EE}.Debug|Any CPU.ActiveCfg = Debug|Any CPU
		{8CFA1CBD-F3D3-46A3-8236-105B1E2760EE}.Debug|Any CPU.Build.0 = Debug|Any CPU
		{8CFA1CBD-F3D3-46A3-8236-105B1E2760EE}.Release|Any CPU.ActiveCfg = Release|Any CPU
		{8CFA1CBD-F3D3-46A3-8236-105B1E2760EE}.Release|Any CPU.Build.0 = Release|Any CPU
		{3BD7B002-4D70-4FC7-9109-DDC05067FD1E}.Debug|Any CPU.ActiveCfg = Debug|Any CPU
		{3BD7B002-4D70-4FC7-9109-DDC05067FD1E}.Debug|Any CPU.Build.0 = Debug|Any CPU
		{3BD7B002-4D70-4FC7-9109-DDC05067FD1E}.Release|Any CPU.ActiveCfg = Release|Any CPU
		{3BD7B002-4D70-4FC7-9109-DDC05067FD1E}.Release|Any CPU.Build.0 = Release|Any CPU
		{74357DCD-29E3-427D-AAAC-BEC3F32CBCC0}.Debug|Any CPU.ActiveCfg = Debug|Any CPU
		{74357DCD-29E3-427D-AAAC-BEC3F32CBCC0}.Debug|Any CPU.Build.0 = Debug|Any CPU
		{74357DCD-29E3-427D-AAAC-BEC3F32CBCC0}.Release|Any CPU.ActiveCfg = Release|Any CPU
		{74357DCD-29E3-427D-AAAC-BEC3F32CBCC0}.Release|Any CPU.Build.0 = Release|Any CPU
		{F4760C8F-F8C9-4648-80B3-C6F33C94BA08}.Debug|Any CPU.ActiveCfg = Debug|Any CPU
		{F4760C8F-F8C9-4648-80B3-C6F33C94BA08}.Debug|Any CPU.Build.0 = Debug|Any CPU
		{F4760C8F-F8C9-4648-80B3-C6F33C94BA08}.Release|Any CPU.ActiveCfg = Release|Any CPU
		{F4760C8F-F8C9-4648-80B3-C6F33C94BA08}.Release|Any CPU.Build.0 = Release|Any CPU
		{18CF7D22-00C0-474E-9D49-5CBE5A206D26}.Debug|Any CPU.ActiveCfg = Debug|Any CPU
		{18CF7D22-00C0-474E-9D49-5CBE5A206D26}.Debug|Any CPU.Build.0 = Debug|Any CPU
		{18CF7D22-00C0-474E-9D49-5CBE5A206D26}.Release|Any CPU.ActiveCfg = Release|Any CPU
		{18CF7D22-00C0-474E-9D49-5CBE5A206D26}.Release|Any CPU.Build.0 = Release|Any CPU
		{A083DBB4-512B-4ED5-BC0B-D8813B8FE824}.Debug|Any CPU.ActiveCfg = Debug|Any CPU
		{A083DBB4-512B-4ED5-BC0B-D8813B8FE824}.Debug|Any CPU.Build.0 = Debug|Any CPU
		{A083DBB4-512B-4ED5-BC0B-D8813B8FE824}.Release|Any CPU.ActiveCfg = Release|Any CPU
		{A083DBB4-512B-4ED5-BC0B-D8813B8FE824}.Release|Any CPU.Build.0 = Release|Any CPU
		{C5BDFB01-BCD6-481B-BADD-E8FFD1D8CA27}.Debug|Any CPU.ActiveCfg = Debug|Any CPU
		{C5BDFB01-BCD6-481B-BADD-E8FFD1D8CA27}.Debug|Any CPU.Build.0 = Debug|Any CPU
		{C5BDFB01-BCD6-481B-BADD-E8FFD1D8CA27}.Release|Any CPU.ActiveCfg = Release|Any CPU
		{C5BDFB01-BCD6-481B-BADD-E8FFD1D8CA27}.Release|Any CPU.Build.0 = Release|Any CPU
		{BA1C3876-C3A0-46C9-83B7-00FFDD79299F}.Debug|Any CPU.ActiveCfg = Debug|Any CPU
		{BA1C3876-C3A0-46C9-83B7-00FFDD79299F}.Debug|Any CPU.Build.0 = Debug|Any CPU
		{BA1C3876-C3A0-46C9-83B7-00FFDD79299F}.Release|Any CPU.ActiveCfg = Release|Any CPU
		{BA1C3876-C3A0-46C9-83B7-00FFDD79299F}.Release|Any CPU.Build.0 = Release|Any CPU
		{2025A7BB-DE9A-409C-9A5F-59C6560A01E1}.Debug|Any CPU.ActiveCfg = Debug|Any CPU
		{2025A7BB-DE9A-409C-9A5F-59C6560A01E1}.Debug|Any CPU.Build.0 = Debug|Any CPU
		{2025A7BB-DE9A-409C-9A5F-59C6560A01E1}.Release|Any CPU.ActiveCfg = Release|Any CPU
		{2025A7BB-DE9A-409C-9A5F-59C6560A01E1}.Release|Any CPU.Build.0 = Release|Any CPU
		{A7BF35A1-04EB-4E09-BB68-A2186FE35A5B}.Debug|Any CPU.ActiveCfg = Debug|Any CPU
		{A7BF35A1-04EB-4E09-BB68-A2186FE35A5B}.Debug|Any CPU.Build.0 = Debug|Any CPU
		{A7BF35A1-04EB-4E09-BB68-A2186FE35A5B}.Release|Any CPU.ActiveCfg = Release|Any CPU
		{A7BF35A1-04EB-4E09-BB68-A2186FE35A5B}.Release|Any CPU.Build.0 = Release|Any CPU
		{C32C59A7-EFD2-4C19-898C-5E1C9640A42B}.Debug|Any CPU.ActiveCfg = Debug|Any CPU
		{C32C59A7-EFD2-4C19-898C-5E1C9640A42B}.Debug|Any CPU.Build.0 = Debug|Any CPU
		{C32C59A7-EFD2-4C19-898C-5E1C9640A42B}.Release|Any CPU.ActiveCfg = Release|Any CPU
		{C32C59A7-EFD2-4C19-898C-5E1C9640A42B}.Release|Any CPU.Build.0 = Release|Any CPU
		{851717B6-7F86-40A0-AC8A-C556DF9B2311}.Debug|Any CPU.ActiveCfg = Debug|Any CPU
		{851717B6-7F86-40A0-AC8A-C556DF9B2311}.Debug|Any CPU.Build.0 = Debug|Any CPU
		{851717B6-7F86-40A0-AC8A-C556DF9B2311}.Release|Any CPU.ActiveCfg = Release|Any CPU
		{851717B6-7F86-40A0-AC8A-C556DF9B2311}.Release|Any CPU.Build.0 = Release|Any CPU
		{9677F0C7-0667-4466-B8BF-6CB1521C68C5}.Debug|Any CPU.ActiveCfg = Debug|Any CPU
		{9677F0C7-0667-4466-B8BF-6CB1521C68C5}.Debug|Any CPU.Build.0 = Debug|Any CPU
		{9677F0C7-0667-4466-B8BF-6CB1521C68C5}.Release|Any CPU.ActiveCfg = Release|Any CPU
		{9677F0C7-0667-4466-B8BF-6CB1521C68C5}.Release|Any CPU.Build.0 = Release|Any CPU
		{4EDA08F8-AA7A-464E-8C28-D324A0D5C2AF}.Debug|Any CPU.ActiveCfg = Debug|Any CPU
		{4EDA08F8-AA7A-464E-8C28-D324A0D5C2AF}.Debug|Any CPU.Build.0 = Debug|Any CPU
		{4EDA08F8-AA7A-464E-8C28-D324A0D5C2AF}.Release|Any CPU.ActiveCfg = Release|Any CPU
		{4EDA08F8-AA7A-464E-8C28-D324A0D5C2AF}.Release|Any CPU.Build.0 = Release|Any CPU
		{9CE6BF5A-A01B-4ECC-9B71-342AAB9111DF}.Debug|Any CPU.ActiveCfg = Debug|Any CPU
		{9CE6BF5A-A01B-4ECC-9B71-342AAB9111DF}.Debug|Any CPU.Build.0 = Debug|Any CPU
		{9CE6BF5A-A01B-4ECC-9B71-342AAB9111DF}.Release|Any CPU.ActiveCfg = Release|Any CPU
		{9CE6BF5A-A01B-4ECC-9B71-342AAB9111DF}.Release|Any CPU.Build.0 = Release|Any CPU
		{B15222B6-2BE2-461A-A99D-57F7C17D4F3A}.Debug|Any CPU.ActiveCfg = Debug|Any CPU
		{B15222B6-2BE2-461A-A99D-57F7C17D4F3A}.Debug|Any CPU.Build.0 = Debug|Any CPU
		{B15222B6-2BE2-461A-A99D-57F7C17D4F3A}.Release|Any CPU.ActiveCfg = Release|Any CPU
		{B15222B6-2BE2-461A-A99D-57F7C17D4F3A}.Release|Any CPU.Build.0 = Release|Any CPU
		{9182F873-26E1-4385-A33B-EE16D6D90846}.Debug|Any CPU.ActiveCfg = Debug|Any CPU
		{9182F873-26E1-4385-A33B-EE16D6D90846}.Debug|Any CPU.Build.0 = Debug|Any CPU
		{9182F873-26E1-4385-A33B-EE16D6D90846}.Release|Any CPU.ActiveCfg = Release|Any CPU
		{9182F873-26E1-4385-A33B-EE16D6D90846}.Release|Any CPU.Build.0 = Release|Any CPU
	EndGlobalSection
	GlobalSection(SolutionProperties) = preSolution
		HideSolutionNode = FALSE
	EndGlobalSection
	GlobalSection(NestedProjects) = preSolution
		{43E01449-2168-43C9-ACCD-E2FA7234C14C} = {038EC1B0-D3A3-4FC0-91F0-41988AE1942D}
		{8C62C5B5-95E3-4155-B38F-3604A2E38958} = {3490A12B-FCE6-4B13-95C3-D5FA3D6E22BA}
		{B2FB0AC8-DC08-4C2C-A2A5-DE768B33618E} = {3490A12B-FCE6-4B13-95C3-D5FA3D6E22BA}
		{6FE13611-8573-4955-96A1-E930B551334E} = {3490A12B-FCE6-4B13-95C3-D5FA3D6E22BA}
		{2FD2AA70-5BDE-4D76-A7B1-409468D10BEE} = {3490A12B-FCE6-4B13-95C3-D5FA3D6E22BA}
		{A097FFC6-21FB-4E32-8AE2-C6F5D34B98F3} = {3490A12B-FCE6-4B13-95C3-D5FA3D6E22BA}
		{91FB93EF-F13C-4FC0-8A58-C49CF8DE138E} = {3490A12B-FCE6-4B13-95C3-D5FA3D6E22BA}
		{FA1A6D69-9106-4DD4-82BB-4814BE301640} = {3490A12B-FCE6-4B13-95C3-D5FA3D6E22BA}
		{ECFDD93A-69A1-4768-AFAB-F29E868814B8} = {3490A12B-FCE6-4B13-95C3-D5FA3D6E22BA}
		{7349070B-4347-4DD7-B491-0DA766CEC027} = {3490A12B-FCE6-4B13-95C3-D5FA3D6E22BA}
		{1AE9FA27-5537-4905-A169-2CEF7E28ABC7} = {3490A12B-FCE6-4B13-95C3-D5FA3D6E22BA}
		{24937E0E-B8CC-466C-97BD-5D4D04201CFB} = {3490A12B-FCE6-4B13-95C3-D5FA3D6E22BA}
		{FEC1FB42-D59D-4774-A965-415D1F8456E2} = {3490A12B-FCE6-4B13-95C3-D5FA3D6E22BA}
		{3D3AB674-C7C3-47F9-801E-0E39AE7924E4} = {3490A12B-FCE6-4B13-95C3-D5FA3D6E22BA}
		{DA596527-0C07-4674-A350-D17D79A9A5BC} = {3490A12B-FCE6-4B13-95C3-D5FA3D6E22BA}
		{F12A94C0-37F3-4868-9D13-546678F5D314} = {3490A12B-FCE6-4B13-95C3-D5FA3D6E22BA}
		{A1B55A91-2CB7-4D1B-8D8F-E206A075B165} = {3490A12B-FCE6-4B13-95C3-D5FA3D6E22BA}
		{5823A559-447F-4793-B8BE-D6591D5DA361} = {3490A12B-FCE6-4B13-95C3-D5FA3D6E22BA}
		{D6F1FBC3-0407-4633-AED5-D400EDEBD621} = {3490A12B-FCE6-4B13-95C3-D5FA3D6E22BA}
		{C8D94353-346C-4628-86E7-2C71820A8CC5} = {3490A12B-FCE6-4B13-95C3-D5FA3D6E22BA}
		{678CC0A3-DB5E-4A39-BD23-B95D108491DC} = {3490A12B-FCE6-4B13-95C3-D5FA3D6E22BA}
		{532D125E-CB83-4E7D-9036-D543A0C7B03F} = {3490A12B-FCE6-4B13-95C3-D5FA3D6E22BA}
		{D9D2C4EF-6952-475E-BC4B-D540D5FDE660} = {3490A12B-FCE6-4B13-95C3-D5FA3D6E22BA}
		{2F53AF6F-2949-4BA4-A028-44B87939DD07} = {388706D2-44DD-43EA-947A-1D50D00EF3BA}
		{B05487E2-9910-4757-BD67-564145E43297} = {3490A12B-FCE6-4B13-95C3-D5FA3D6E22BA}
		{FD6ACA18-7DEF-45BC-AA1B-60DE0F51FEDC} = {3490A12B-FCE6-4B13-95C3-D5FA3D6E22BA}
		{773663D8-988C-4019-A9E9-E11BF6D26C87} = {3490A12B-FCE6-4B13-95C3-D5FA3D6E22BA}
		{81F263AA-CC20-4FB2-BE70-A6093D1961B8} = {3490A12B-FCE6-4B13-95C3-D5FA3D6E22BA}
		{A6EFEB7B-CCE6-4BEA-A373-D63D01FD93BF} = {3490A12B-FCE6-4B13-95C3-D5FA3D6E22BA}
		{E4E1D803-5F5E-4449-8D27-27F3ABD44FD6} = {3490A12B-FCE6-4B13-95C3-D5FA3D6E22BA}
		{8DF6C925-D7F9-456F-9318-C95E6C598A27} = {3490A12B-FCE6-4B13-95C3-D5FA3D6E22BA}
		{D5711226-1A65-453C-9E60-B686C452F0D9} = {3490A12B-FCE6-4B13-95C3-D5FA3D6E22BA}
		{C35A4ED2-1BBD-4F0E-9B37-E7057D059EB7} = {3490A12B-FCE6-4B13-95C3-D5FA3D6E22BA}
		{85AE8608-E6B4-422B-BFF0-3266FEA81B10} = {3490A12B-FCE6-4B13-95C3-D5FA3D6E22BA}
		{62217B56-A505-413D-A788-F8B07DC0400D} = {3490A12B-FCE6-4B13-95C3-D5FA3D6E22BA}
		{EDA23A0F-9B5E-4582-829E-0C41DD0134A0} = {3490A12B-FCE6-4B13-95C3-D5FA3D6E22BA}
		{DEAFE8B1-B8B7-4061-B7F5-4F5B9647D846} = {3490A12B-FCE6-4B13-95C3-D5FA3D6E22BA}
		{144D706C-D9E2-4828-BEE1-042D903D3BE5} = {3490A12B-FCE6-4B13-95C3-D5FA3D6E22BA}
		{168B8BB6-36E1-4194-8F1F-678055965BA2} = {3490A12B-FCE6-4B13-95C3-D5FA3D6E22BA}
		{09A5D92D-603D-4AB0-89BC-3F4B03E36C6D} = {3490A12B-FCE6-4B13-95C3-D5FA3D6E22BA}
		{F8FE762A-D743-4D3E-A683-D9FE1A29E6C2} = {A7E90606-CF15-469C-8CBC-741D7EB4C602}
		{8CFA1CBD-F3D3-46A3-8236-105B1E2760EE} = {3490A12B-FCE6-4B13-95C3-D5FA3D6E22BA}
		{3BD7B002-4D70-4FC7-9109-DDC05067FD1E} = {3490A12B-FCE6-4B13-95C3-D5FA3D6E22BA}
		{74357DCD-29E3-427D-AAAC-BEC3F32CBCC0} = {3490A12B-FCE6-4B13-95C3-D5FA3D6E22BA}
		{F4760C8F-F8C9-4648-80B3-C6F33C94BA08} = {A7E90606-CF15-469C-8CBC-741D7EB4C602}
		{18CF7D22-00C0-474E-9D49-5CBE5A206D26} = {3490A12B-FCE6-4B13-95C3-D5FA3D6E22BA}
		{A083DBB4-512B-4ED5-BC0B-D8813B8FE824} = {3490A12B-FCE6-4B13-95C3-D5FA3D6E22BA}
		{C5BDFB01-BCD6-481B-BADD-E8FFD1D8CA27} = {3490A12B-FCE6-4B13-95C3-D5FA3D6E22BA}
		{BA1C3876-C3A0-46C9-83B7-00FFDD79299F} = {3490A12B-FCE6-4B13-95C3-D5FA3D6E22BA}
		{2025A7BB-DE9A-409C-9A5F-59C6560A01E1} = {BE037114-ADD6-4C5F-8B32-38C242B0EAFB}
		{A7BF35A1-04EB-4E09-BB68-A2186FE35A5B} = {A7E90606-CF15-469C-8CBC-741D7EB4C602}
		{C32C59A7-EFD2-4C19-898C-5E1C9640A42B} = {BE037114-ADD6-4C5F-8B32-38C242B0EAFB}
		{851717B6-7F86-40A0-AC8A-C556DF9B2311} = {A7E90606-CF15-469C-8CBC-741D7EB4C602}
		{9677F0C7-0667-4466-B8BF-6CB1521C68C5} = {BE037114-ADD6-4C5F-8B32-38C242B0EAFB}
		{BE037114-ADD6-4C5F-8B32-38C242B0EAFB} = {388706D2-44DD-43EA-947A-1D50D00EF3BA}
		{4EDA08F8-AA7A-464E-8C28-D324A0D5C2AF} = {BE037114-ADD6-4C5F-8B32-38C242B0EAFB}
		{9CE6BF5A-A01B-4ECC-9B71-342AAB9111DF} = {BE037114-ADD6-4C5F-8B32-38C242B0EAFB}
		{B15222B6-2BE2-461A-A99D-57F7C17D4F3A} = {BE037114-ADD6-4C5F-8B32-38C242B0EAFB}
		{9182F873-26E1-4385-A33B-EE16D6D90846} = {A7E90606-CF15-469C-8CBC-741D7EB4C602}
	EndGlobalSection
EndGlobal
